<Solution>
  <Folder Name="/src/">
    <Project Path="src/EduNova.API/EduNova.API.csproj" />
    <Project Path="src/EduNova.Application/EduNova.Application.csproj" />
    <Project Path="src/EduNova.Domain/EduNova.Domain.csproj" />
    <Project Path="src/EduNova.Infrastructure/EduNova.Infrastructure.csproj" />
  </Folder>
  <Folder Name="/tests/">
    <Project Path="tests/EduNova.UnitTests/EduNova.UnitTests.csproj" />
  </Folder>
</Solution>
